// !$*UTF8*$!
{
	archiveVersion = 1;
	classes = {
	};
	objectVersion = 55;
	objects = {

/* Begin PBXBuildFile section */
		B361363D27C524BD007D0199 /* AppDelegate.swift in Sources */ = {isa = PBXBuildFile; fileRef = B361363C27C524BD007D0199 /* AppDelegate.swift */; };
		B361363F27C524BD007D0199 /* SceneDelegate.swift in Sources */ = {isa = PBXBuildFile; fileRef = B361363E27C524BD007D0199 /* SceneDelegate.swift */; };
		B361364627C524BF007D0199 /* Assets.xcassets in Resources */ = {isa = PBXBuildFile; fileRef = B361364527C524BF007D0199 /* Assets.xcassets */; };
		B361364927C524BF007D0199 /* LaunchScreen.storyboard in Resources */ = {isa = PBXBuildFile; fileRef = B361364727C524BF007D0199 /* LaunchScreen.storyboard */; };
		B361365427C524C0007D0199 /* GitHub_FollowersTests.swift in Sources */ = {isa = PBXBuildFile; fileRef = B361365327C524C0007D0199 /* GitHub_FollowersTests.swift */; };
		B361365E27C524C0007D0199 /* GitHub_FollowersUITests.swift in Sources */ = {isa = PBXBuildFile; fileRef = B361365D27C524C0007D0199 /* GitHub_FollowersUITests.swift */; };
		B361366027C524C0007D0199 /* GitHub_FollowersUITestsLaunchTests.swift in Sources */ = {isa = PBXBuildFile; fileRef = B361365F27C524C0007D0199 /* GitHub_FollowersUITestsLaunchTests.swift */; };
		B361366D27C52B92007D0199 /* SearchVC.swift in Sources */ = {isa = PBXBuildFile; fileRef = B361366C27C52B92007D0199 /* SearchVC.swift */; };
		B361366F27C52BC6007D0199 /* FavoritesListVC.swift in Sources */ = {isa = PBXBuildFile; fileRef = B361366E27C52BC6007D0199 /* FavoritesListVC.swift */; };
		B361367127C5335C007D0199 /* GFButton.swift in Sources */ = {isa = PBXBuildFile; fileRef = B361367027C5335C007D0199 /* GFButton.swift */; };
		B361367327C53689007D0199 /* GFTextField.swift in Sources */ = {isa = PBXBuildFile; fileRef = B361367227C53689007D0199 /* GFTextField.swift */; };
		B361367527C54039007D0199 /* FollowersListVC.swift in Sources */ = {isa = PBXBuildFile; fileRef = B361367427C54039007D0199 /* FollowersListVC.swift */; };
		B361367727C54433007D0199 /* String+Ext.swift in Sources */ = {isa = PBXBuildFile; fileRef = B361367627C54433007D0199 /* String+Ext.swift */; };
		B361367927C54761007D0199 /* GFTitleLabel.swift in Sources */ = {isa = PBXBuildFile; fileRef = B361367827C54761007D0199 /* GFTitleLabel.swift */; };
		B361367B27C548DF007D0199 /* GFBodyLabel.swift in Sources */ = {isa = PBXBuildFile; fileRef = B361367A27C548DF007D0199 /* GFBodyLabel.swift */; };
		B361367D27C549A5007D0199 /* GFAlertVC.swift in Sources */ = {isa = PBXBuildFile; fileRef = B361367C27C549A5007D0199 /* GFAlertVC.swift */; };
		B361367F27C54F3C007D0199 /* UIViewController+Ext.swift in Sources */ = {isa = PBXBuildFile; fileRef = B361367E27C54F3C007D0199 /* UIViewController+Ext.swift */; };
		B361368527C55B57007D0199 /* GFAlertContainerView.swift in Sources */ = {isa = PBXBuildFile; fileRef = B361368427C55B57007D0199 /* GFAlertContainerView.swift */; };
		B361368827C55FFD007D0199 /* Follower.swift in Sources */ = {isa = PBXBuildFile; fileRef = B361368727C55FFD007D0199 /* Follower.swift */; };
		B361368A27C560E6007D0199 /* User.swift in Sources */ = {isa = PBXBuildFile; fileRef = B361368927C560E6007D0199 /* User.swift */; };
		B361368D27C564D6007D0199 /* NetworkManager.swift in Sources */ = {isa = PBXBuildFile; fileRef = B361368C27C564D6007D0199 /* NetworkManager.swift */; };
		B361369027C56DB5007D0199 /* GFError.swift in Sources */ = {isa = PBXBuildFile; fileRef = B361368F27C56DB5007D0199 /* GFError.swift */; };
		B361369327C572E8007D0199 /* FollowerCell.swift in Sources */ = {isa = PBXBuildFile; fileRef = B361369227C572E8007D0199 /* FollowerCell.swift */; };
		B361369527C57368007D0199 /* GFAvatarImageView.swift in Sources */ = {isa = PBXBuildFile; fileRef = B361369427C57368007D0199 /* GFAvatarImageView.swift */; };
		B361369727C58880007D0199 /* UIHelper.swift in Sources */ = {isa = PBXBuildFile; fileRef = B361369627C58880007D0199 /* UIHelper.swift */; };
		B36136A027C66D31007D0199 /* GFEmptyStateView.swift in Sources */ = {isa = PBXBuildFile; fileRef = B361369F27C66D31007D0199 /* GFEmptyStateView.swift */; };
		B36136A227C6781F007D0199 /* UserInfoVC.swift in Sources */ = {isa = PBXBuildFile; fileRef = B36136A127C6781F007D0199 /* UserInfoVC.swift */; };
		B36136A427C681FA007D0199 /* GFUserInfoHeaderVC.swift in Sources */ = {isa = PBXBuildFile; fileRef = B36136A327C681FA007D0199 /* GFUserInfoHeaderVC.swift */; };
		B36136A627C6825E007D0199 /* GFSecondaryTitleLabel.swift in Sources */ = {isa = PBXBuildFile; fileRef = B36136A527C6825E007D0199 /* GFSecondaryTitleLabel.swift */; };
		B36136A827C688CA007D0199 /* Constants.swift in Sources */ = {isa = PBXBuildFile; fileRef = B36136A727C688CA007D0199 /* Constants.swift */; };
		B36136AA27C6906B007D0199 /* GFItemInfoView.swift in Sources */ = {isa = PBXBuildFile; fileRef = B36136A927C6906B007D0199 /* GFItemInfoView.swift */; };
		B36136AC27C6948A007D0199 /* GFItemInfoVC.swift in Sources */ = {isa = PBXBuildFile; fileRef = B36136AB27C6948A007D0199 /* GFItemInfoVC.swift */; };
		B36136AE27C69749007D0199 /* GFRepoItemVC.swift in Sources */ = {isa = PBXBuildFile; fileRef = B36136AD27C69749007D0199 /* GFRepoItemVC.swift */; };
		B36136B027C698D9007D0199 /* GFFollowerItemVC.swift in Sources */ = {isa = PBXBuildFile; fileRef = B36136AF27C698D9007D0199 /* GFFollowerItemVC.swift */; };
		B36136B327C69E63007D0199 /* Date+Ext.swift in Sources */ = {isa = PBXBuildFile; fileRef = B36136B227C69E63007D0199 /* Date+Ext.swift */; };
		B36136B527C6B145007D0199 /* PersistenceManager.swift in Sources */ = {isa = PBXBuildFile; fileRef = B36136B427C6B145007D0199 /* PersistenceManager.swift */; };
		B36136B727C6B9DD007D0199 /* FavoriteCell.swift in Sources */ = {isa = PBXBuildFile; fileRef = B36136B627C6B9DD007D0199 /* FavoriteCell.swift */; };
		B36136BA27C6C703007D0199 /* GFTabBarController.swift in Sources */ = {isa = PBXBuildFile; fileRef = B36136B927C6C703007D0199 /* GFTabBarController.swift */; };
		B36136BC27C6D644007D0199 /* GFDataLoadingVC.swift in Sources */ = {isa = PBXBuildFile; fileRef = B36136BB27C6D644007D0199 /* GFDataLoadingVC.swift */; };
		B36136BE27C7C580007D0199 /* UIView+Ext.swift in Sources */ = {isa = PBXBuildFile; fileRef = B36136BD27C7C580007D0199 /* UIView+Ext.swift */; };
		B36136C027C7CEBC007D0199 /* UITableView+Ext.swift in Sources */ = {isa = PBXBuildFile; fileRef = B36136BF27C7CEBC007D0199 /* UITableView+Ext.swift */; };
/* End PBXBuildFile section */

/* Begin PBXContainerItemProxy section */
		B361365027C524C0007D0199 /* PBXContainerItemProxy */ = {
			isa = PBXContainerItemProxy;
			containerPortal = B361363127C524BD007D0199 /* Project object */;
			proxyType = 1;
			remoteGlobalIDString = B361363827C524BD007D0199;
			remoteInfo = "GitHub Followers";
		};
		B361365A27C524C0007D0199 /* PBXContainerItemProxy */ = {
			isa = PBXContainerItemProxy;
			containerPortal = B361363127C524BD007D0199 /* Project object */;
			proxyType = 1;
			remoteGlobalIDString = B361363827C524BD007D0199;
			remoteInfo = "GitHub Followers";
		};
/* End PBXContainerItemProxy section */

/* Begin PBXFileReference section */
		B361363927C524BD007D0199 /* GitHub Followers.app */ = {isa = PBXFileReference; explicitFileType = wrapper.application; includeInIndex = 0; path = "GitHub Followers.app"; sourceTree = BUILT_PRODUCTS_DIR; };
		B361363C27C524BD007D0199 /* AppDelegate.swift */ = {isa = PBXFileReference; lastKnownFileType = sourcecode.swift; path = AppDelegate.swift; sourceTree = "<group>"; };
		B361363E27C524BD007D0199 /* SceneDelegate.swift */ = {isa = PBXFileReference; lastKnownFileType = sourcecode.swift; path = SceneDelegate.swift; sourceTree = "<group>"; };
		B361364527C524BF007D0199 /* Assets.xcassets */ = {isa = PBXFileReference; lastKnownFileType = folder.assetcatalog; path = Assets.xcassets; sourceTree = "<group>"; };
		B361364827C524BF007D0199 /* Base */ = {isa = PBXFileReference; lastKnownFileType = file.storyboard; name = Base; path = Base.lproj/LaunchScreen.storyboard; sourceTree = "<group>"; };
		B361364A27C524BF007D0199 /* Info.plist */ = {isa = PBXFileReference; lastKnownFileType = text.plist.xml; path = Info.plist; sourceTree = "<group>"; };
		B361364F27C524C0007D0199 /* GitHub FollowersTests.xctest */ = {isa = PBXFileReference; explicitFileType = wrapper.cfbundle; includeInIndex = 0; path = "GitHub FollowersTests.xctest"; sourceTree = BUILT_PRODUCTS_DIR; };
		B361365327C524C0007D0199 /* GitHub_FollowersTests.swift */ = {isa = PBXFileReference; lastKnownFileType = sourcecode.swift; path = GitHub_FollowersTests.swift; sourceTree = "<group>"; };
		B361365927C524C0007D0199 /* GitHub FollowersUITests.xctest */ = {isa = PBXFileReference; explicitFileType = wrapper.cfbundle; includeInIndex = 0; path = "GitHub FollowersUITests.xctest"; sourceTree = BUILT_PRODUCTS_DIR; };
		B361365D27C524C0007D0199 /* GitHub_FollowersUITests.swift */ = {isa = PBXFileReference; lastKnownFileType = sourcecode.swift; path = GitHub_FollowersUITests.swift; sourceTree = "<group>"; };
		B361365F27C524C0007D0199 /* GitHub_FollowersUITestsLaunchTests.swift */ = {isa = PBXFileReference; lastKnownFileType = sourcecode.swift; path = GitHub_FollowersUITestsLaunchTests.swift; sourceTree = "<group>"; };
		B361366C27C52B92007D0199 /* SearchVC.swift */ = {isa = PBXFileReference; lastKnownFileType = sourcecode.swift; path = SearchVC.swift; sourceTree = "<group>"; };
		B361366E27C52BC6007D0199 /* FavoritesListVC.swift */ = {isa = PBXFileReference; lastKnownFileType = sourcecode.swift; path = FavoritesListVC.swift; sourceTree = "<group>"; };
		B361367027C5335C007D0199 /* GFButton.swift */ = {isa = PBXFileReference; lastKnownFileType = sourcecode.swift; path = GFButton.swift; sourceTree = "<group>"; };
		B361367227C53689007D0199 /* GFTextField.swift */ = {isa = PBXFileReference; lastKnownFileType = sourcecode.swift; path = GFTextField.swift; sourceTree = "<group>"; };
		B361367427C54039007D0199 /* FollowersListVC.swift */ = {isa = PBXFileReference; lastKnownFileType = sourcecode.swift; path = FollowersListVC.swift; sourceTree = "<group>"; };
		B361367627C54433007D0199 /* String+Ext.swift */ = {isa = PBXFileReference; lastKnownFileType = sourcecode.swift; path = "String+Ext.swift"; sourceTree = "<group>"; };
		B361367827C54761007D0199 /* GFTitleLabel.swift */ = {isa = PBXFileReference; lastKnownFileType = sourcecode.swift; path = GFTitleLabel.swift; sourceTree = "<group>"; };
		B361367A27C548DF007D0199 /* GFBodyLabel.swift */ = {isa = PBXFileReference; lastKnownFileType = sourcecode.swift; path = GFBodyLabel.swift; sourceTree = "<group>"; };
		B361367C27C549A5007D0199 /* GFAlertVC.swift */ = {isa = PBXFileReference; lastKnownFileType = sourcecode.swift; path = GFAlertVC.swift; sourceTree = "<group>"; };
		B361367E27C54F3C007D0199 /* UIViewController+Ext.swift */ = {isa = PBXFileReference; lastKnownFileType = sourcecode.swift; path = "UIViewController+Ext.swift"; sourceTree = "<group>"; };
		B361368427C55B57007D0199 /* GFAlertContainerView.swift */ = {isa = PBXFileReference; lastKnownFileType = sourcecode.swift; path = GFAlertContainerView.swift; sourceTree = "<group>"; };
		B361368727C55FFD007D0199 /* Follower.swift */ = {isa = PBXFileReference; lastKnownFileType = sourcecode.swift; path = Follower.swift; sourceTree = "<group>"; };
		B361368927C560E6007D0199 /* User.swift */ = {isa = PBXFileReference; lastKnownFileType = sourcecode.swift; path = User.swift; sourceTree = "<group>"; };
		B361368C27C564D6007D0199 /* NetworkManager.swift */ = {isa = PBXFileReference; lastKnownFileType = sourcecode.swift; path = NetworkManager.swift; sourceTree = "<group>"; };
		B361368F27C56DB5007D0199 /* GFError.swift */ = {isa = PBXFileReference; lastKnownFileType = sourcecode.swift; path = GFError.swift; sourceTree = "<group>"; };
		B361369227C572E8007D0199 /* FollowerCell.swift */ = {isa = PBXFileReference; lastKnownFileType = sourcecode.swift; path = FollowerCell.swift; sourceTree = "<group>"; };
		B361369427C57368007D0199 /* GFAvatarImageView.swift */ = {isa = PBXFileReference; lastKnownFileType = sourcecode.swift; path = GFAvatarImageView.swift; sourceTree = "<group>"; };
		B361369627C58880007D0199 /* UIHelper.swift */ = {isa = PBXFileReference; lastKnownFileType = sourcecode.swift; path = UIHelper.swift; sourceTree = "<group>"; };
		B361369F27C66D31007D0199 /* GFEmptyStateView.swift */ = {isa = PBXFileReference; lastKnownFileType = sourcecode.swift; path = GFEmptyStateView.swift; sourceTree = "<group>"; };
		B36136A127C6781F007D0199 /* UserInfoVC.swift */ = {isa = PBXFileReference; lastKnownFileType = sourcecode.swift; path = UserInfoVC.swift; sourceTree = "<group>"; };
		B36136A327C681FA007D0199 /* GFUserInfoHeaderVC.swift */ = {isa = PBXFileReference; lastKnownFileType = sourcecode.swift; path = GFUserInfoHeaderVC.swift; sourceTree = "<group>"; };
		B36136A527C6825E007D0199 /* GFSecondaryTitleLabel.swift */ = {isa = PBXFileReference; lastKnownFileType = sourcecode.swift; path = GFSecondaryTitleLabel.swift; sourceTree = "<group>"; };
		B36136A727C688CA007D0199 /* Constants.swift */ = {isa = PBXFileReference; lastKnownFileType = sourcecode.swift; path = Constants.swift; sourceTree = "<group>"; };
		B36136A927C6906B007D0199 /* GFItemInfoView.swift */ = {isa = PBXFileReference; lastKnownFileType = sourcecode.swift; path = GFItemInfoView.swift; sourceTree = "<group>"; };
		B36136AB27C6948A007D0199 /* GFItemInfoVC.swift */ = {isa = PBXFileReference; lastKnownFileType = sourcecode.swift; path = GFItemInfoVC.swift; sourceTree = "<group>"; };
		B36136AD27C69749007D0199 /* GFRepoItemVC.swift */ = {isa = PBXFileReference; lastKnownFileType = sourcecode.swift; path = GFRepoItemVC.swift; sourceTree = "<group>"; };
		B36136AF27C698D9007D0199 /* GFFollowerItemVC.swift */ = {isa = PBXFileReference; lastKnownFileType = sourcecode.swift; path = GFFollowerItemVC.swift; sourceTree = "<group>"; };
		B36136B227C69E63007D0199 /* Date+Ext.swift */ = {isa = PBXFileReference; lastKnownFileType = sourcecode.swift; path = "Date+Ext.swift"; sourceTree = "<group>"; };
		B36136B427C6B145007D0199 /* PersistenceManager.swift */ = {isa = PBXFileReference; lastKnownFileType = sourcecode.swift; path = PersistenceManager.swift; sourceTree = "<group>"; };
		B36136B627C6B9DD007D0199 /* FavoriteCell.swift */ = {isa = PBXFileReference; lastKnownFileType = sourcecode.swift; path = FavoriteCell.swift; sourceTree = "<group>"; };
		B36136B927C6C703007D0199 /* GFTabBarController.swift */ = {isa = PBXFileReference; lastKnownFileType = sourcecode.swift; path = GFTabBarController.swift; sourceTree = "<group>"; };
		B36136BB27C6D644007D0199 /* GFDataLoadingVC.swift */ = {isa = PBXFileReference; lastKnownFileType = sourcecode.swift; path = GFDataLoadingVC.swift; sourceTree = "<group>"; };
		B36136BD27C7C580007D0199 /* UIView+Ext.swift */ = {isa = PBXFileReference; lastKnownFileType = sourcecode.swift; path = "UIView+Ext.swift"; sourceTree = "<group>"; };
		B36136BF27C7CEBC007D0199 /* UITableView+Ext.swift */ = {isa = PBXFileReference; lastKnownFileType = sourcecode.swift; path = "UITableView+Ext.swift"; sourceTree = "<group>"; };
/* End PBXFileReference section */

/* Begin PBXFrameworksBuildPhase section */
		B361363627C524BD007D0199 /* Frameworks */ = {
			isa = PBXFrameworksBuildPhase;
			buildActionMask = 2147483647;
			files = (
			);
			runOnlyForDeploymentPostprocessing = 0;
		};
		B361364C27C524C0007D0199 /* Frameworks */ = {
			isa = PBXFrameworksBuildPhase;
			buildActionMask = 2147483647;
			files = (
			);
			runOnlyForDeploymentPostprocessing = 0;
		};
		B361365627C524C0007D0199 /* Frameworks */ = {
			isa = PBXFrameworksBuildPhase;
			buildActionMask = 2147483647;
			files = (
			);
			runOnlyForDeploymentPostprocessing = 0;
		};
/* End PBXFrameworksBuildPhase section */

/* Begin PBXGroup section */
		B361363027C524BD007D0199 = {
			isa = PBXGroup;
			children = (
				B361363B27C524BD007D0199 /* GitHub Followers */,
				B361365227C524C0007D0199 /* GitHub FollowersTests */,
				B361365C27C524C0007D0199 /* GitHub FollowersUITests */,
				B361363A27C524BD007D0199 /* Products */,
			);
			sourceTree = "<group>";
		};
		B361363A27C524BD007D0199 /* Products */ = {
			isa = PBXGroup;
			children = (
				B361363927C524BD007D0199 /* GitHub Followers.app */,
				B361364F27C524C0007D0199 /* GitHub FollowersTests.xctest */,
				B361365927C524C0007D0199 /* GitHub FollowersUITests.xctest */,
			);
			name = Products;
			sourceTree = "<group>";
		};
		B361363B27C524BD007D0199 /* GitHub Followers */ = {
			isa = PBXGroup;
			children = (
				B361368E27C56D4E007D0199 /* Utilities */,
				B361368B27C56449007D0199 /* Managers */,
				B361368627C55F7E007D0199 /* Model */,
				B361364A27C524BF007D0199 /* Info.plist */,
				B361368327C552C3007D0199 /* Support */,
				B361368227C55266007D0199 /* Extensions */,
				B361368127C55232007D0199 /* Custom Views */,
				B361368027C551DB007D0199 /* Screens */,
			);
			path = "GitHub Followers";
			sourceTree = "<group>";
		};
		B361365227C524C0007D0199 /* GitHub FollowersTests */ = {
			isa = PBXGroup;
			children = (
				B361365327C524C0007D0199 /* GitHub_FollowersTests.swift */,
			);
			path = "GitHub FollowersTests";
			sourceTree = "<group>";
		};
		B361365C27C524C0007D0199 /* GitHub FollowersUITests */ = {
			isa = PBXGroup;
			children = (
				B361365D27C524C0007D0199 /* GitHub_FollowersUITests.swift */,
				B361365F27C524C0007D0199 /* GitHub_FollowersUITestsLaunchTests.swift */,
			);
			path = "GitHub FollowersUITests";
			sourceTree = "<group>";
		};
		B361368027C551DB007D0199 /* Screens */ = {
			isa = PBXGroup;
			children = (
				B361366C27C52B92007D0199 /* SearchVC.swift */,
				B361366E27C52BC6007D0199 /* FavoritesListVC.swift */,
				B361367427C54039007D0199 /* FollowersListVC.swift */,
				B36136A127C6781F007D0199 /* UserInfoVC.swift */,
			);
			path = Screens;
			sourceTree = "<group>";
		};
		B361368127C55232007D0199 /* Custom Views */ = {
			isa = PBXGroup;
			children = (
				B36136B827C6C6DC007D0199 /* TabBar Controllers */,
				B361369D27C66CD4007D0199 /* Labels */,
				B361369C27C66CCA007D0199 /* View Controllers */,
				B361369B27C66CC5007D0199 /* Image Views */,
				B361369A27C66CBE007D0199 /* Text Fields */,
				B361369927C66CB8007D0199 /* Buttons */,
				B361369827C66CAE007D0199 /* Views */,
				B361369127C572C5007D0199 /* Cells */,
			);
			path = "Custom Views";
			sourceTree = "<group>";
		};
		B361368227C55266007D0199 /* Extensions */ = {
			isa = PBXGroup;
			children = (
				B361367E27C54F3C007D0199 /* UIViewController+Ext.swift */,
				B361367627C54433007D0199 /* String+Ext.swift */,
				B36136B227C69E63007D0199 /* Date+Ext.swift */,
				B36136BD27C7C580007D0199 /* UIView+Ext.swift */,
				B36136BF27C7CEBC007D0199 /* UITableView+Ext.swift */,
			);
			path = Extensions;
			sourceTree = "<group>";
		};
		B361368327C552C3007D0199 /* Support */ = {
			isa = PBXGroup;
			children = (
				B361363C27C524BD007D0199 /* AppDelegate.swift */,
				B361363E27C524BD007D0199 /* SceneDelegate.swift */,
				B361364527C524BF007D0199 /* Assets.xcassets */,
				B361364727C524BF007D0199 /* LaunchScreen.storyboard */,
			);
			path = Support;
			sourceTree = "<group>";
		};
		B361368627C55F7E007D0199 /* Model */ = {
			isa = PBXGroup;
			children = (
				B361368727C55FFD007D0199 /* Follower.swift */,
				B361368927C560E6007D0199 /* User.swift */,
			);
			path = Model;
			sourceTree = "<group>";
		};
		B361368B27C56449007D0199 /* Managers */ = {
			isa = PBXGroup;
			children = (
				B361368C27C564D6007D0199 /* NetworkManager.swift */,
				B36136B427C6B145007D0199 /* PersistenceManager.swift */,
			);
			path = Managers;
			sourceTree = "<group>";
		};
		B361368E27C56D4E007D0199 /* Utilities */ = {
			isa = PBXGroup;
			children = (
				B361368F27C56DB5007D0199 /* GFError.swift */,
				B361369627C58880007D0199 /* UIHelper.swift */,
				B36136A727C688CA007D0199 /* Constants.swift */,
			);
			path = Utilities;
			sourceTree = "<group>";
		};
		B361369127C572C5007D0199 /* Cells */ = {
			isa = PBXGroup;
			children = (
				B361369227C572E8007D0199 /* FollowerCell.swift */,
				B36136B627C6B9DD007D0199 /* FavoriteCell.swift */,
			);
			path = Cells;
			sourceTree = "<group>";
		};
		B361369827C66CAE007D0199 /* Views */ = {
			isa = PBXGroup;
			children = (
				B361369F27C66D31007D0199 /* GFEmptyStateView.swift */,
				B36136A927C6906B007D0199 /* GFItemInfoView.swift */,
			);
			path = Views;
			sourceTree = "<group>";
		};
		B361369927C66CB8007D0199 /* Buttons */ = {
			isa = PBXGroup;
			children = (
				B361367027C5335C007D0199 /* GFButton.swift */,
			);
			path = Buttons;
			sourceTree = "<group>";
		};
		B361369A27C66CBE007D0199 /* Text Fields */ = {
			isa = PBXGroup;
			children = (
				B361367227C53689007D0199 /* GFTextField.swift */,
			);
			path = "Text Fields";
			sourceTree = "<group>";
		};
		B361369B27C66CC5007D0199 /* Image Views */ = {
			isa = PBXGroup;
			children = (
				B361368427C55B57007D0199 /* GFAlertContainerView.swift */,
				B361369427C57368007D0199 /* GFAvatarImageView.swift */,
			);
			path = "Image Views";
			sourceTree = "<group>";
		};
		B361369C27C66CCA007D0199 /* View Controllers */ = {
			isa = PBXGroup;
			children = (
				B36136B127C6992C007D0199 /* Item Info VC */,
				B361367C27C549A5007D0199 /* GFAlertVC.swift */,
				B36136A327C681FA007D0199 /* GFUserInfoHeaderVC.swift */,
				B36136BB27C6D644007D0199 /* GFDataLoadingVC.swift */,
			);
			path = "View Controllers";
			sourceTree = "<group>";
		};
		B361369D27C66CD4007D0199 /* Labels */ = {
			isa = PBXGroup;
			children = (
				B361367827C54761007D0199 /* GFTitleLabel.swift */,
				B361367A27C548DF007D0199 /* GFBodyLabel.swift */,
				B36136A527C6825E007D0199 /* GFSecondaryTitleLabel.swift */,
			);
			path = Labels;
			sourceTree = "<group>";
		};
		B36136B127C6992C007D0199 /* Item Info VC */ = {
			isa = PBXGroup;
			children = (
				B36136AB27C6948A007D0199 /* GFItemInfoVC.swift */,
				B36136AD27C69749007D0199 /* GFRepoItemVC.swift */,
				B36136AF27C698D9007D0199 /* GFFollowerItemVC.swift */,
			);
			path = "Item Info VC";
			sourceTree = "<group>";
		};
		B36136B827C6C6DC007D0199 /* TabBar Controllers */ = {
			isa = PBXGroup;
			children = (
				B36136B927C6C703007D0199 /* GFTabBarController.swift */,
			);
			path = "TabBar Controllers";
			sourceTree = "<group>";
		};
/* End PBXGroup section */

/* Begin PBXNativeTarget section */
		B361363827C524BD007D0199 /* GitHub Followers */ = {
			isa = PBXNativeTarget;
			buildConfigurationList = B361366327C524C0007D0199 /* Build configuration list for PBXNativeTarget "GitHub Followers" */;
			buildPhases = (
				B361363527C524BD007D0199 /* Sources */,
				B361363627C524BD007D0199 /* Frameworks */,
				B361363727C524BD007D0199 /* Resources */,
			);
			buildRules = (
			);
			dependencies = (
			);
			name = "GitHub Followers";
			productName = "GitHub Followers";
			productReference = B361363927C524BD007D0199 /* GitHub Followers.app */;
			productType = "com.apple.product-type.application";
		};
		B361364E27C524C0007D0199 /* GitHub FollowersTests */ = {
			isa = PBXNativeTarget;
			buildConfigurationList = B361366627C524C0007D0199 /* Build configuration list for PBXNativeTarget "GitHub FollowersTests" */;
			buildPhases = (
				B361364B27C524C0007D0199 /* Sources */,
				B361364C27C524C0007D0199 /* Frameworks */,
				B361364D27C524C0007D0199 /* Resources */,
			);
			buildRules = (
			);
			dependencies = (
				B361365127C524C0007D0199 /* PBXTargetDependency */,
			);
			name = "GitHub FollowersTests";
			productName = "GitHub FollowersTests";
			productReference = B361364F27C524C0007D0199 /* GitHub FollowersTests.xctest */;
			productType = "com.apple.product-type.bundle.unit-test";
		};
		B361365827C524C0007D0199 /* GitHub FollowersUITests */ = {
			isa = PBXNativeTarget;
			buildConfigurationList = B361366927C524C0007D0199 /* Build configuration list for PBXNativeTarget "GitHub FollowersUITests" */;
			buildPhases = (
				B361365527C524C0007D0199 /* Sources */,
				B361365627C524C0007D0199 /* Frameworks */,
				B361365727C524C0007D0199 /* Resources */,
			);
			buildRules = (
			);
			dependencies = (
				B361365B27C524C0007D0199 /* PBXTargetDependency */,
			);
			name = "GitHub FollowersUITests";
			productName = "GitHub FollowersUITests";
			productReference = B361365927C524C0007D0199 /* GitHub FollowersUITests.xctest */;
			productType = "com.apple.product-type.bundle.ui-testing";
		};
/* End PBXNativeTarget section */

/* Begin PBXProject section */
		B361363127C524BD007D0199 /* Project object */ = {
			isa = PBXProject;
			attributes = {
				BuildIndependentTargetsInParallel = 1;
				LastSwiftUpdateCheck = 1320;
				LastUpgradeCheck = 1320;
				TargetAttributes = {
					B361363827C524BD007D0199 = {
						CreatedOnToolsVersion = 13.2.1;
					};
					B361364E27C524C0007D0199 = {
						CreatedOnToolsVersion = 13.2.1;
						TestTargetID = B361363827C524BD007D0199;
					};
					B361365827C524C0007D0199 = {
						CreatedOnToolsVersion = 13.2.1;
						TestTargetID = B361363827C524BD007D0199;
					};
				};
			};
			buildConfigurationList = B361363427C524BD007D0199 /* Build configuration list for PBXProject "GitHub Followers" */;
			compatibilityVersion = "Xcode 13.0";
			developmentRegion = en;
			hasScannedForEncodings = 0;
			knownRegions = (
				en,
				Base,
			);
			mainGroup = B361363027C524BD007D0199;
			productRefGroup = B361363A27C524BD007D0199 /* Products */;
			projectDirPath = "";
			projectRoot = "";
			targets = (
				B361363827C524BD007D0199 /* GitHub Followers */,
				B361364E27C524C0007D0199 /* GitHub FollowersTests */,
				B361365827C524C0007D0199 /* GitHub FollowersUITests */,
			);
		};
/* End PBXProject section */

/* Begin PBXResourcesBuildPhase section */
		B361363727C524BD007D0199 /* Resources */ = {
			isa = PBXResourcesBuildPhase;
			buildActionMask = 2147483647;
			files = (
				B361364927C524BF007D0199 /* LaunchScreen.storyboard in Resources */,
				B361364627C524BF007D0199 /* Assets.xcassets in Resources */,
			);
			runOnlyForDeploymentPostprocessing = 0;
		};
		B361364D27C524C0007D0199 /* Resources */ = {
			isa = PBXResourcesBuildPhase;
			buildActionMask = 2147483647;
			files = (
			);
			runOnlyForDeploymentPostprocessing = 0;
		};
		B361365727C524C0007D0199 /* Resources */ = {
			isa = PBXResourcesBuildPhase;
			buildActionMask = 2147483647;
			files = (
			);
			runOnlyForDeploymentPostprocessing = 0;
		};
/* End PBXResourcesBuildPhase section */

/* Begin PBXSourcesBuildPhase section */
		B361363527C524BD007D0199 /* Sources */ = {
			isa = PBXSourcesBuildPhase;
			buildActionMask = 2147483647;
			files = (
				B36136A827C688CA007D0199 /* Constants.swift in Sources */,
				B361368527C55B57007D0199 /* GFAlertContainerView.swift in Sources */,
				B361368827C55FFD007D0199 /* Follower.swift in Sources */,
				B361369527C57368007D0199 /* GFAvatarImageView.swift in Sources */,
				B36136B027C698D9007D0199 /* GFFollowerItemVC.swift in Sources */,
				B361369727C58880007D0199 /* UIHelper.swift in Sources */,
				B36136BC27C6D644007D0199 /* GFDataLoadingVC.swift in Sources */,
				B361367327C53689007D0199 /* GFTextField.swift in Sources */,
				B361367527C54039007D0199 /* FollowersListVC.swift in Sources */,
				B361368D27C564D6007D0199 /* NetworkManager.swift in Sources */,
				B36136B327C69E63007D0199 /* Date+Ext.swift in Sources */,
				B36136AA27C6906B007D0199 /* GFItemInfoView.swift in Sources */,
				B36136AC27C6948A007D0199 /* GFItemInfoVC.swift in Sources */,
				B36136B527C6B145007D0199 /* PersistenceManager.swift in Sources */,
				B36136B727C6B9DD007D0199 /* FavoriteCell.swift in Sources */,
				B361367F27C54F3C007D0199 /* UIViewController+Ext.swift in Sources */,
				B361366F27C52BC6007D0199 /* FavoritesListVC.swift in Sources */,
				B36136AE27C69749007D0199 /* GFRepoItemVC.swift in Sources */,
				B361367127C5335C007D0199 /* GFButton.swift in Sources */,
				B361366D27C52B92007D0199 /* SearchVC.swift in Sources */,
				B361368A27C560E6007D0199 /* User.swift in Sources */,
				B36136C027C7CEBC007D0199 /* UITableView+Ext.swift in Sources */,
				B361367D27C549A5007D0199 /* GFAlertVC.swift in Sources */,
				B36136A627C6825E007D0199 /* GFSecondaryTitleLabel.swift in Sources */,
				B361369327C572E8007D0199 /* FollowerCell.swift in Sources */,
				B361363D27C524BD007D0199 /* AppDelegate.swift in Sources */,
				B36136A427C681FA007D0199 /* GFUserInfoHeaderVC.swift in Sources */,
				B36136A027C66D31007D0199 /* GFEmptyStateView.swift in Sources */,
				B361367927C54761007D0199 /* GFTitleLabel.swift in Sources */,
				B361369027C56DB5007D0199 /* GFError.swift in Sources */,
				B361367727C54433007D0199 /* String+Ext.swift in Sources */,
				B361363F27C524BD007D0199 /* SceneDelegate.swift in Sources */,
				B361367B27C548DF007D0199 /* GFBodyLabel.swift in Sources */,
				B36136BE27C7C580007D0199 /* UIView+Ext.swift in Sources */,
				B36136A227C6781F007D0199 /* UserInfoVC.swift in Sources */,
				B36136BA27C6C703007D0199 /* GFTabBarController.swift in Sources */,
			);
			runOnlyForDeploymentPostprocessing = 0;
		};
		B361364B27C524C0007D0199 /* Sources */ = {
			isa = PBXSourcesBuildPhase;
			buildActionMask = 2147483647;
			files = (
				B361365427C524C0007D0199 /* GitHub_FollowersTests.swift in Sources */,
			);
			runOnlyForDeploymentPostprocessing = 0;
		};
		B361365527C524C0007D0199 /* Sources */ = {
			isa = PBXSourcesBuildPhase;
			buildActionMask = 2147483647;
			files = (
				B361365E27C524C0007D0199 /* GitHub_FollowersUITests.swift in Sources */,
				B361366027C524C0007D0199 /* GitHub_FollowersUITestsLaunchTests.swift in Sources */,
			);
			runOnlyForDeploymentPostprocessing = 0;
		};
/* End PBXSourcesBuildPhase section */

/* Begin PBXTargetDependency section */
		B361365127C524C0007D0199 /* PBXTargetDependency */ = {
			isa = PBXTargetDependency;
			target = B361363827C524BD007D0199 /* GitHub Followers */;
			targetProxy = B361365027C524C0007D0199 /* PBXContainerItemProxy */;
		};
		B361365B27C524C0007D0199 /* PBXTargetDependency */ = {
			isa = PBXTargetDependency;
			target = B361363827C524BD007D0199 /* GitHub Followers */;
			targetProxy = B361365A27C524C0007D0199 /* PBXContainerItemProxy */;
		};
/* End PBXTargetDependency section */

/* Begin PBXVariantGroup section */
		B361364727C524BF007D0199 /* LaunchScreen.storyboard */ = {
			isa = PBXVariantGroup;
			children = (
				B361364827C524BF007D0199 /* Base */,
			);
			name = LaunchScreen.storyboard;
			sourceTree = "<group>";
		};
/* End PBXVariantGroup section */

/* Begin XCBuildConfiguration section */
		B361366127C524C0007D0199 /* Debug */ = {
			isa = XCBuildConfiguration;
			buildSettings = {
				ALWAYS_SEARCH_USER_PATHS = NO;
				CLANG_ANALYZER_NONNULL = YES;
				CLANG_ANALYZER_NUMBER_OBJECT_CONVERSION = YES_AGGRESSIVE;
				CLANG_CXX_LANGUAGE_STANDARD = "gnu++17";
				CLANG_CXX_LIBRARY = "libc++";
				CLANG_ENABLE_MODULES = YES;
				CLANG_ENABLE_OBJC_ARC = YES;
				CLANG_ENABLE_OBJC_WEAK = YES;
				CLANG_WARN_BLOCK_CAPTURE_AUTORELEASING = YES;
				CLANG_WARN_BOOL_CONVERSION = YES;
				CLANG_WARN_COMMA = YES;
				CLANG_WARN_CONSTANT_CONVERSION = YES;
				CLANG_WARN_DEPRECATED_OBJC_IMPLEMENTATIONS = YES;
				CLANG_WARN_DIRECT_OBJC_ISA_USAGE = YES_ERROR;
				CLANG_WARN_DOCUMENTATION_COMMENTS = YES;
				CLANG_WARN_EMPTY_BODY = YES;
				CLANG_WARN_ENUM_CONVERSION = YES;
				CLANG_WARN_INFINITE_RECURSION = YES;
				CLANG_WARN_INT_CONVERSION = YES;
				CLANG_WARN_NON_LITERAL_NULL_CONVERSION = YES;
				CLANG_WARN_OBJC_IMPLICIT_RETAIN_SELF = YES;
				CLANG_WARN_OBJC_LITERAL_CONVERSION = YES;
				CLANG_WARN_OBJC_ROOT_CLASS = YES_ERROR;
				CLANG_WARN_QUOTED_INCLUDE_IN_FRAMEWORK_HEADER = YES;
				CLANG_WARN_RANGE_LOOP_ANALYSIS = YES;
				CLANG_WARN_STRICT_PROTOTYPES = YES;
				CLANG_WARN_SUSPICIOUS_MOVE = YES;
				CLANG_WARN_UNGUARDED_AVAILABILITY = YES_AGGRESSIVE;
				CLANG_WARN_UNREACHABLE_CODE = YES;
				CLANG_WARN__DUPLICATE_METHOD_MATCH = YES;
				COPY_PHASE_STRIP = NO;
				DEBUG_INFORMATION_FORMAT = dwarf;
				ENABLE_STRICT_OBJC_MSGSEND = YES;
				ENABLE_TESTABILITY = YES;
				GCC_C_LANGUAGE_STANDARD = gnu11;
				GCC_DYNAMIC_NO_PIC = NO;
				GCC_NO_COMMON_BLOCKS = YES;
				GCC_OPTIMIZATION_LEVEL = 0;
				GCC_PREPROCESSOR_DEFINITIONS = (
					"DEBUG=1",
					"$(inherited)",
				);
				GCC_WARN_64_TO_32_BIT_CONVERSION = YES;
				GCC_WARN_ABOUT_RETURN_TYPE = YES_ERROR;
				GCC_WARN_UNDECLARED_SELECTOR = YES;
				GCC_WARN_UNINITIALIZED_AUTOS = YES_AGGRESSIVE;
				GCC_WARN_UNUSED_FUNCTION = YES;
				GCC_WARN_UNUSED_VARIABLE = YES;
				IPHONEOS_DEPLOYMENT_TARGET = 15.2;
				MTL_ENABLE_DEBUG_INFO = INCLUDE_SOURCE;
				MTL_FAST_MATH = YES;
				ONLY_ACTIVE_ARCH = YES;
				SDKROOT = iphoneos;
				SWIFT_ACTIVE_COMPILATION_CONDITIONS = DEBUG;
				SWIFT_OPTIMIZATION_LEVEL = "-Onone";
			};
			name = Debug;
		};
		B361366227C524C0007D0199 /* Release */ = {
			isa = XCBuildConfiguration;
			buildSettings = {
				ALWAYS_SEARCH_USER_PATHS = NO;
				CLANG_ANALYZER_NONNULL = YES;
				CLANG_ANALYZER_NUMBER_OBJECT_CONVERSION = YES_AGGRESSIVE;
				CLANG_CXX_LANGUAGE_STANDARD = "gnu++17";
				CLANG_CXX_LIBRARY = "libc++";
				CLANG_ENABLE_MODULES = YES;
				CLANG_ENABLE_OBJC_ARC = YES;
				CLANG_ENABLE_OBJC_WEAK = YES;
				CLANG_WARN_BLOCK_CAPTURE_AUTORELEASING = YES;
				CLANG_WARN_BOOL_CONVERSION = YES;
				CLANG_WARN_COMMA = YES;
				CLANG_WARN_CONSTANT_CONVERSION = YES;
				CLANG_WARN_DEPRECATED_OBJC_IMPLEMENTATIONS = YES;
				CLANG_WARN_DIRECT_OBJC_ISA_USAGE = YES_ERROR;
				CLANG_WARN_DOCUMENTATION_COMMENTS = YES;
				CLANG_WARN_EMPTY_BODY = YES;
				CLANG_WARN_ENUM_CONVERSION = YES;
				CLANG_WARN_INFINITE_RECURSION = YES;
				CLANG_WARN_INT_CONVERSION = YES;
				CLANG_WARN_NON_LITERAL_NULL_CONVERSION = YES;
				CLANG_WARN_OBJC_IMPLICIT_RETAIN_SELF = YES;
				CLANG_WARN_OBJC_LITERAL_CONVERSION = YES;
				CLANG_WARN_OBJC_ROOT_CLASS = YES_ERROR;
				CLANG_WARN_QUOTED_INCLUDE_IN_FRAMEWORK_HEADER = YES;
				CLANG_WARN_RANGE_LOOP_ANALYSIS = YES;
				CLANG_WARN_STRICT_PROTOTYPES = YES;
				CLANG_WARN_SUSPICIOUS_MOVE = YES;
				CLANG_WARN_UNGUARDED_AVAILABILITY = YES_AGGRESSIVE;
				CLANG_WARN_UNREACHABLE_CODE = YES;
				CLANG_WARN__DUPLICATE_METHOD_MATCH = YES;
				COPY_PHASE_STRIP = NO;
				DEBUG_INFORMATION_FORMAT = "dwarf-with-dsym";
				ENABLE_NS_ASSERTIONS = NO;
				ENABLE_STRICT_OBJC_MSGSEND = YES;
				GCC_C_LANGUAGE_STANDARD = gnu11;
				GCC_NO_COMMON_BLOCKS = YES;
				GCC_WARN_64_TO_32_BIT_CONVERSION = YES;
				GCC_WARN_ABOUT_RETURN_TYPE = YES_ERROR;
				GCC_WARN_UNDECLARED_SELECTOR = YES;
				GCC_WARN_UNINITIALIZED_AUTOS = YES_AGGRESSIVE;
				GCC_WARN_UNUSED_FUNCTION = YES;
				GCC_WARN_UNUSED_VARIABLE = YES;
				IPHONEOS_DEPLOYMENT_TARGET = 15.2;
				MTL_ENABLE_DEBUG_INFO = NO;
				MTL_FAST_MATH = YES;
				SDKROOT = iphoneos;
				SWIFT_COMPILATION_MODE = wholemodule;
				SWIFT_OPTIMIZATION_LEVEL = "-O";
				VALIDATE_PRODUCT = YES;
			};
			name = Release;
		};
		B361366427C524C0007D0199 /* Debug */ = {
			isa = XCBuildConfiguration;
			buildSettings = {
				ASSETCATALOG_COMPILER_APPICON_NAME = AppIcon;
				ASSETCATALOG_COMPILER_GLOBAL_ACCENT_COLOR_NAME = AccentColor;
				CODE_SIGN_STYLE = Automatic;
				CURRENT_PROJECT_VERSION = 1;
				DEVELOPMENT_TEAM = 334VYUXU36;
				GENERATE_INFOPLIST_FILE = YES;
				INFOPLIST_FILE = "GitHub Followers/Info.plist";
				INFOPLIST_KEY_UIApplicationSupportsIndirectInputEvents = YES;
				INFOPLIST_KEY_UILaunchStoryboardName = LaunchScreen;
				INFOPLIST_KEY_UISupportedInterfaceOrientations = UIInterfaceOrientationPortrait;
				INFOPLIST_KEY_UISupportedInterfaceOrientations_iPad = "UIInterfaceOrientationPortrait UIInterfaceOrientationPortraitUpsideDown UIInterfaceOrientationLandscapeLeft UIInterfaceOrientationLandscapeRight";
				INFOPLIST_KEY_UISupportedInterfaceOrientations_iPhone = "UIInterfaceOrientationPortrait UIInterfaceOrientationLandscapeLeft UIInterfaceOrientationLandscapeRight";
				LD_RUNPATH_SEARCH_PATHS = (
					"$(inherited)",
					"@executable_path/Frameworks",
				);
				MARKETING_VERSION = 1.0;
				PRODUCT_BUNDLE_IDENTIFIER = "com.StevePlavetzky.GitHub-Followers";
				PRODUCT_NAME = "$(TARGET_NAME)";
				SWIFT_EMIT_LOC_STRINGS = YES;
				SWIFT_VERSION = 5.0;
				TARGETED_DEVICE_FAMILY = 1;
			};
			name = Debug;
		};
		B361366527C524C0007D0199 /* Release */ = {
			isa = XCBuildConfiguration;
			buildSettings = {
				ASSETCATALOG_COMPILER_APPICON_NAME = AppIcon;
				ASSETCATALOG_COMPILER_GLOBAL_ACCENT_COLOR_NAME = AccentColor;
				CODE_SIGN_STYLE = Automatic;
				CURRENT_PROJECT_VERSION = 1;
				DEVELOPMENT_TEAM = 334VYUXU36;
				GENERATE_INFOPLIST_FILE = YES;
				INFOPLIST_FILE = "GitHub Followers/Info.plist";
				INFOPLIST_KEY_UIApplicationSupportsIndirectInputEvents = YES;
				INFOPLIST_KEY_UILaunchStoryboardName = LaunchScreen;
				INFOPLIST_KEY_UISupportedInterfaceOrientations = UIInterfaceOrientationPortrait;
				INFOPLIST_KEY_UISupportedInterfaceOrientations_iPad = "UIInterfaceOrientationPortrait UIInterfaceOrientationPortraitUpsideDown UIInterfaceOrientationLandscapeLeft UIInterfaceOrientationLandscapeRight";
				INFOPLIST_KEY_UISupportedInterfaceOrientations_iPhone = "UIInterfaceOrientationPortrait UIInterfaceOrientationLandscapeLeft UIInterfaceOrientationLandscapeRight";
				LD_RUNPATH_SEARCH_PATHS = (
					"$(inherited)",
					"@executable_path/Frameworks",
				);
				MARKETING_VERSION = 1.0;
				PRODUCT_BUNDLE_IDENTIFIER = "com.StevePlavetzky.GitHub-Followers";
				PRODUCT_NAME = "$(TARGET_NAME)";
				SWIFT_EMIT_LOC_STRINGS = YES;
				SWIFT_VERSION = 5.0;
				TARGETED_DEVICE_FAMILY = 1;
			};
			name = Release;
		};
		B361366727C524C0007D0199 /* Debug */ = {
			isa = XCBuildConfiguration;
			buildSettings = {
				ALWAYS_EMBED_SWIFT_STANDARD_LIBRARIES = YES;
				BUNDLE_LOADER = "$(TEST_HOST)";
				CODE_SIGN_STYLE = Automatic;
				CURRENT_PROJECT_VERSION = 1;
				DEVELOPMENT_TEAM = 334VYUXU36;
				GENERATE_INFOPLIST_FILE = YES;
				IPHONEOS_DEPLOYMENT_TARGET = 15.2;
				MARKETING_VERSION = 1.0;
				PRODUCT_BUNDLE_IDENTIFIER = "com.StevePlavetzky.GitHub-FollowersTests";
				PRODUCT_NAME = "$(TARGET_NAME)";
				SWIFT_EMIT_LOC_STRINGS = NO;
				SWIFT_VERSION = 5.0;
				TARGETED_DEVICE_FAMILY = "1,2";
				TEST_HOST = "$(BUILT_PRODUCTS_DIR)/GitHub Followers.app/GitHub Followers";
			};
			name = Debug;
		};
		B361366827C524C0007D0199 /* Release */ = {
			isa = XCBuildConfiguration;
			buildSettings = {
				ALWAYS_EMBED_SWIFT_STANDARD_LIBRARIES = YES;
				BUNDLE_LOADER = "$(TEST_HOST)";
				CODE_SIGN_STYLE = Automatic;
				CURRENT_PROJECT_VERSION = 1;
				DEVELOPMENT_TEAM = 334VYUXU36;
				GENERATE_INFOPLIST_FILE = YES;
				IPHONEOS_DEPLOYMENT_TARGET = 15.2;
				MARKETING_VERSION = 1.0;
				PRODUCT_BUNDLE_IDENTIFIER = "com.StevePlavetzky.GitHub-FollowersTests";
				PRODUCT_NAME = "$(TARGET_NAME)";
				SWIFT_EMIT_LOC_STRINGS = NO;
				SWIFT_VERSION = 5.0;
				TARGETED_DEVICE_FAMILY = "1,2";
				TEST_HOST = "$(BUILT_PRODUCTS_DIR)/GitHub Followers.app/GitHub Followers";
			};
			name = Release;
		};
		B361366A27C524C0007D0199 /* Debug */ = {
			isa = XCBuildConfiguration;
			buildSettings = {
				ALWAYS_EMBED_SWIFT_STANDARD_LIBRARIES = YES;
				CODE_SIGN_STYLE = Automatic;
				CURRENT_PROJECT_VERSION = 1;
				DEVELOPMENT_TEAM = 334VYUXU36;
				GENERATE_INFOPLIST_FILE = YES;
				MARKETING_VERSION = 1.0;
				PRODUCT_BUNDLE_IDENTIFIER = "com.StevePlavetzky.GitHub-FollowersUITests";
				PRODUCT_NAME = "$(TARGET_NAME)";
				SWIFT_EMIT_LOC_STRINGS = NO;
				SWIFT_VERSION = 5.0;
				TARGETED_DEVICE_FAMILY = "1,2";
				TEST_TARGET_NAME = "GitHub Followers";
			};
			name = Debug;
		};
		B361366B27C524C0007D0199 /* Release */ = {
			isa = XCBuildConfiguration;
			buildSettings = {
				ALWAYS_EMBED_SWIFT_STANDARD_LIBRARIES = YES;
				CODE_SIGN_STYLE = Automatic;
				CURRENT_PROJECT_VERSION = 1;
				DEVELOPMENT_TEAM = 334VYUXU36;
				GENERATE_INFOPLIST_FILE = YES;
				MARKETING_VERSION = 1.0;
				PRODUCT_BUNDLE_IDENTIFIER = "com.StevePlavetzky.GitHub-FollowersUITests";
				PRODUCT_NAME = "$(TARGET_NAME)";
				SWIFT_EMIT_LOC_STRINGS = NO;
				SWIFT_VERSION = 5.0;
				TARGETED_DEVICE_FAMILY = "1,2";
				TEST_TARGET_NAME = "GitHub Followers";
			};
			name = Release;
		};
/* End XCBuildConfiguration section */

/* Begin XCConfigurationList section */
		B361363427C524BD007D0199 /* Build configuration list for PBXProject "GitHub Followers" */ = {
			isa = XCConfigurationList;
			buildConfigurations = (
				B361366127C524C0007D0199 /* Debug */,
				B361366227C524C0007D0199 /* Release */,
			);
			defaultConfigurationIsVisible = 0;
			defaultConfigurationName = Release;
		};
		B361366327C524C0007D0199 /* Build configuration list for PBXNativeTarget "GitHub Followers" */ = {
			isa = XCConfigurationList;
			buildConfigurations = (
				B361366427C524C0007D0199 /* Debug */,
				B361366527C524C0007D0199 /* Release */,
			);
			defaultConfigurationIsVisible = 0;
			defaultConfigurationName = Release;
		};
		B361366627C524C0007D0199 /* Build configuration list for PBXNativeTarget "GitHub FollowersTests" */ = {
			isa = XCConfigurationList;
			buildConfigurations = (
				B361366727C524C0007D0199 /* Debug */,
				B361366827C524C0007D0199 /* Release */,
			);
			defaultConfigurationIsVisible = 0;
			defaultConfigurationName = Release;
		};
		B361366927C524C0007D0199 /* Build configuration list for PBXNativeTarget "GitHub FollowersUITests" */ = {
			isa = XCConfigurationList;
			buildConfigurations = (
				B361366A27C524C0007D0199 /* Debug */,
				B361366B27C524C0007D0199 /* Release */,
			);
			defaultConfigurationIsVisible = 0;
			defaultConfigurationName = Release;
		};
/* End XCConfigurationList section */
	};
	rootObject = B361363127C524BD007D0199 /* Project object */;
}
